
Microsoft Visual Studio Solution File, Format Version 12.00
# Visual Studio Version 17
VisualStudioVersion = 17.8.34330.188
MinimumVisualStudioVersion = 10.0.40219.1
Project("{FAE04EC0-301F-11D3-BF4B-00C04F79EFBC}") = "BackOfficeAdminProvider", "BackOfficeAdminProvider\BackOfficeAdminProvider.csproj", "{3ADB8E75-7580-4611-9C5D-9ACD9CAB1011}"
EndProject
Project("{FAE04EC0-301F-11D3-BF4B-00C04F79EFBC}") = "Data", "Data\Data.csproj", "{C434018B-5F9A-4D05-8E38-55B073C91551}"
EndProject
Global
	GlobalSection(SolutionConfigurationPlatforms) = preSolution
		Debug|Any CPU = Debug|Any CPU
		Release|Any CPU = Release|Any CPU
	EndGlobalSection
	GlobalSection(ProjectConfigurationPlatforms) = postSolution
		{3ADB8E75-7580-4611-9C5D-9ACD9CAB1011}.Debug|Any CPU.ActiveCfg = Debug|Any CPU
		{3ADB8E75-7580-4611-9C5D-9ACD9CAB1011}.Debug|Any CPU.Build.0 = Debug|Any CPU
		{3ADB8E75-7580-4611-9C5D-9ACD9CAB1011}.Release|Any CPU.ActiveCfg = Release|Any CPU
		{3ADB8E75-7580-4611-9C5D-9ACD9CAB1011}.Release|Any CPU.Build.0 = Release|Any CPU
		{C434018B-5F9A-4D05-8E38-55B073C91551}.Debug|Any CPU.ActiveCfg = Debug|Any CPU
		{C434018B-5F9A-4D05-8E38-55B073C91551}.Debug|Any CPU.Build.0 = Debug|Any CPU
		{C434018B-5F9A-4D05-8E38-55B073C91551}.Release|Any CPU.ActiveCfg = Release|Any CPU
		{C434018B-5F9A-4D05-8E38-55B073C91551}.Release|Any CPU.Build.0 = Release|Any CPU
	EndGlobalSection
	GlobalSection(SolutionProperties) = preSolution
		HideSolutionNode = FALSE
	EndGlobalSection
	GlobalSection(ExtensibilityGlobals) = postSolution
		SolutionGuid = {A77DBDB5-CC1F-4CFE-80AD-A414D4E69932}
	EndGlobalSection
EndGlobal
